// !$*UTF8*$!
{
	archiveVersion = 1;
	classes = {
	};
	objectVersion = 46;
	objects = {

/* Begin PBXBuildFile section */
		8FB969C61A7670DF00F9266F /* main.m in Sources */ = {isa = PBXBuildFile; fileRef = 8FB969C51A7670DF00F9266F /* main.m */; };
		8FB969C91A7670DF00F9266F /* AppDelegate.m in Sources */ = {isa = PBXBuildFile; fileRef = 8FB969C81A7670DF00F9266F /* AppDelegate.m */; };
		8FB969CC1A7670DF00F9266F /* Moonrunner.xcdatamodeld in Sources */ = {isa = PBXBuildFile; fileRef = 8FB969CA1A7670DF00F9266F /* Moonrunner.xcdatamodeld */; };
		8FB969CF1A7670DF00F9266F /* HomeViewController.m in Sources */ = {isa = PBXBuildFile; fileRef = 8FB969CE1A7670DF00F9266F /* HomeViewController.m */; };
		8FB969D21A7670DF00F9266F /* NewRunViewController.m in Sources */ = {isa = PBXBuildFile; fileRef = 8FB969D11A7670DF00F9266F /* NewRunViewController.m */; };
		8FB969D51A7670DF00F9266F /* Main.storyboard in Resources */ = {isa = PBXBuildFile; fileRef = 8FB969D31A7670DF00F9266F /* Main.storyboard */; };
		8FB969D71A7670DF00F9266F /* Images.xcassets in Resources */ = {isa = PBXBuildFile; fileRef = 8FB969D61A7670DF00F9266F /* Images.xcassets */; };
		8FB969DA1A7670DF00F9266F /* LaunchScreen.xib in Resources */ = {isa = PBXBuildFile; fileRef = 8FB969D81A7670DF00F9266F /* LaunchScreen.xib */; };
		8FB969E61A7670DF00F9266F /* MoonrunnerTests.m in Sources */ = {isa = PBXBuildFile; fileRef = 8FB969E51A7670DF00F9266F /* MoonrunnerTests.m */; };
		8FB969F21A7671EC00F9266F /* Location.m in Sources */ = {isa = PBXBuildFile; fileRef = 8FB969F11A7671EC00F9266F /* Location.m */; };
		8FB969F51A7671ED00F9266F /* Run.m in Sources */ = {isa = PBXBuildFile; fileRef = 8FB969F41A7671ED00F9266F /* Run.m */; };
		8FB969F71A76720B00F9266F /* MapKit.framework in Frameworks */ = {isa = PBXBuildFile; fileRef = 8FB969F61A76720B00F9266F /* MapKit.framework */; };
		8FB969F91A76721500F9266F /* CoreGraphics.framework in Frameworks */ = {isa = PBXBuildFile; fileRef = 8FB969F81A76721500F9266F /* CoreGraphics.framework */; };
		8FB969FB1A76721E00F9266F /* CoreData.framework in Frameworks */ = {isa = PBXBuildFile; fileRef = 8FB969FA1A76721E00F9266F /* CoreData.framework */; };
		8FB969FD1A76722500F9266F /* UIKit.framework in Frameworks */ = {isa = PBXBuildFile; fileRef = 8FB969FC1A76722500F9266F /* UIKit.framework */; };
		8FB969FF1A76723300F9266F /* Foundation.framework in Frameworks */ = {isa = PBXBuildFile; fileRef = 8FB969FE1A76723300F9266F /* Foundation.framework */; };
		8FB96A031A767B8500F9266F /* DetailViewController.m in Sources */ = {isa = PBXBuildFile; fileRef = 8FB96A021A767B8500F9266F /* DetailViewController.m */; };
		8FB96A081A767EF200F9266F /* AppModel.m in Sources */ = {isa = PBXBuildFile; fileRef = 8FB96A071A767EF200F9266F /* AppModel.m */; };
		8FB96A0A1A7688A000F9266F /* CoreLocation.framework in Frameworks */ = {isa = PBXBuildFile; fileRef = 8FB96A091A7688A000F9266F /* CoreLocation.framework */; };
		8FB96A0D1A76ABD000F9266F /* MulticolorPolylineSegment.m in Sources */ = {isa = PBXBuildFile; fileRef = 8FB96A0C1A76ABD000F9266F /* MulticolorPolylineSegment.m */; };
/* End PBXBuildFile section */

/* Begin PBXContainerItemProxy section */
		8FB969E01A7670DF00F9266F /* PBXContainerItemProxy */ = {
			isa = PBXContainerItemProxy;
			containerPortal = 8FB969B81A7670DF00F9266F /* Project object */;
			proxyType = 1;
			remoteGlobalIDString = 8FB969BF1A7670DF00F9266F;
			remoteInfo = Moonrunner;
		};
/* End PBXContainerItemProxy section */

/* Begin PBXFileReference section */
		8FB969C01A7670DF00F9266F /* Moonrunner.app */ = {isa = PBXFileReference; explicitFileType = wrapper.application; includeInIndex = 0; path = Moonrunner.app; sourceTree = BUILT_PRODUCTS_DIR; };
		8FB969C41A7670DF00F9266F /* Info.plist */ = {isa = PBXFileReference; lastKnownFileType = text.plist.xml; path = Info.plist; sourceTree = "<group>"; };
		8FB969C51A7670DF00F9266F /* main.m */ = {isa = PBXFileReference; lastKnownFileType = sourcecode.c.objc; path = main.m; sourceTree = "<group>"; };
		8FB969C71A7670DF00F9266F /* AppDelegate.h */ = {isa = PBXFileReference; lastKnownFileType = sourcecode.c.h; path = AppDelegate.h; sourceTree = "<group>"; };
		8FB969C81A7670DF00F9266F /* AppDelegate.m */ = {isa = PBXFileReference; lastKnownFileType = sourcecode.c.objc; path = AppDelegate.m; sourceTree = "<group>"; };
		8FB969CB1A7670DF00F9266F /* Moonrunner.xcdatamodel */ = {isa = PBXFileReference; lastKnownFileType = wrapper.xcdatamodel; path = Moonrunner.xcdatamodel; sourceTree = "<group>"; };
		8FB969CD1A7670DF00F9266F /* HomeViewController.h */ = {isa = PBXFileReference; lastKnownFileType = sourcecode.c.h; path = HomeViewController.h; sourceTree = "<group>"; };
		8FB969CE1A7670DF00F9266F /* HomeViewController.m */ = {isa = PBXFileReference; lastKnownFileType = sourcecode.c.objc; path = HomeViewController.m; sourceTree = "<group>"; };
		8FB969D01A7670DF00F9266F /* NewRunViewController.h */ = {isa = PBXFileReference; lastKnownFileType = sourcecode.c.h; path = NewRunViewController.h; sourceTree = "<group>"; };
		8FB969D11A7670DF00F9266F /* NewRunViewController.m */ = {isa = PBXFileReference; lastKnownFileType = sourcecode.c.objc; path = NewRunViewController.m; sourceTree = "<group>"; };
		8FB969D41A7670DF00F9266F /* Base */ = {isa = PBXFileReference; lastKnownFileType = file.storyboard; name = Base; path = Base.lproj/Main.storyboard; sourceTree = "<group>"; };
		8FB969D61A7670DF00F9266F /* Images.xcassets */ = {isa = PBXFileReference; lastKnownFileType = folder.assetcatalog; path = Images.xcassets; sourceTree = "<group>"; };
		8FB969D91A7670DF00F9266F /* Base */ = {isa = PBXFileReference; lastKnownFileType = file.xib; name = Base; path = Base.lproj/LaunchScreen.xib; sourceTree = "<group>"; };
		8FB969DF1A7670DF00F9266F /* MoonrunnerTests.xctest */ = {isa = PBXFileReference; explicitFileType = wrapper.cfbundle; includeInIndex = 0; path = MoonrunnerTests.xctest; sourceTree = BUILT_PRODUCTS_DIR; };
		8FB969E41A7670DF00F9266F /* Info.plist */ = {isa = PBXFileReference; lastKnownFileType = text.plist.xml; path = Info.plist; sourceTree = "<group>"; };
		8FB969E51A7670DF00F9266F /* MoonrunnerTests.m */ = {isa = PBXFileReference; lastKnownFileType = sourcecode.c.objc; path = MoonrunnerTests.m; sourceTree = "<group>"; };
		8FB969F01A7671EC00F9266F /* Location.h */ = {isa = PBXFileReference; fileEncoding = 4; lastKnownFileType = sourcecode.c.h; path = Location.h; sourceTree = "<group>"; };
		8FB969F11A7671EC00F9266F /* Location.m */ = {isa = PBXFileReference; fileEncoding = 4; lastKnownFileType = sourcecode.c.objc; path = Location.m; sourceTree = "<group>"; };
		8FB969F31A7671ED00F9266F /* Run.h */ = {isa = PBXFileReference; fileEncoding = 4; lastKnownFileType = sourcecode.c.h; path = Run.h; sourceTree = "<group>"; };
		8FB969F41A7671ED00F9266F /* Run.m */ = {isa = PBXFileReference; fileEncoding = 4; lastKnownFileType = sourcecode.c.objc; path = Run.m; sourceTree = "<group>"; };
		8FB969F61A76720B00F9266F /* MapKit.framework */ = {isa = PBXFileReference; lastKnownFileType = wrapper.framework; name = MapKit.framework; path = System/Library/Frameworks/MapKit.framework; sourceTree = SDKROOT; };
		8FB969F81A76721500F9266F /* CoreGraphics.framework */ = {isa = PBXFileReference; lastKnownFileType = wrapper.framework; name = CoreGraphics.framework; path = System/Library/Frameworks/CoreGraphics.framework; sourceTree = SDKROOT; };
		8FB969FA1A76721E00F9266F /* CoreData.framework */ = {isa = PBXFileReference; lastKnownFileType = wrapper.framework; name = CoreData.framework; path = System/Library/Frameworks/CoreData.framework; sourceTree = SDKROOT; };
		8FB969FC1A76722500F9266F /* UIKit.framework */ = {isa = PBXFileReference; lastKnownFileType = wrapper.framework; name = UIKit.framework; path = System/Library/Frameworks/UIKit.framework; sourceTree = SDKROOT; };
		8FB969FE1A76723300F9266F /* Foundation.framework */ = {isa = PBXFileReference; lastKnownFileType = wrapper.framework; name = Foundation.framework; path = System/Library/Frameworks/Foundation.framework; sourceTree = SDKROOT; };
		8FB96A011A767B8500F9266F /* DetailViewController.h */ = {isa = PBXFileReference; fileEncoding = 4; lastKnownFileType = sourcecode.c.h; path = DetailViewController.h; sourceTree = "<group>"; };
		8FB96A021A767B8500F9266F /* DetailViewController.m */ = {isa = PBXFileReference; fileEncoding = 4; lastKnownFileType = sourcecode.c.objc; path = DetailViewController.m; sourceTree = "<group>"; };
		8FB96A061A767EF200F9266F /* AppModel.h */ = {isa = PBXFileReference; fileEncoding = 4; lastKnownFileType = sourcecode.c.h; path = AppModel.h; sourceTree = "<group>"; };
		8FB96A071A767EF200F9266F /* AppModel.m */ = {isa = PBXFileReference; fileEncoding = 4; lastKnownFileType = sourcecode.c.objc; path = AppModel.m; sourceTree = "<group>"; };
		8FB96A091A7688A000F9266F /* CoreLocation.framework */ = {isa = PBXFileReference; lastKnownFileType = wrapper.framework; name = CoreLocation.framework; path = System/Library/Frameworks/CoreLocation.framework; sourceTree = SDKROOT; };
		8FB96A0B1A76ABD000F9266F /* MulticolorPolylineSegment.h */ = {isa = PBXFileReference; fileEncoding = 4; lastKnownFileType = sourcecode.c.h; path = MulticolorPolylineSegment.h; sourceTree = "<group>"; };
		8FB96A0C1A76ABD000F9266F /* MulticolorPolylineSegment.m */ = {isa = PBXFileReference; fileEncoding = 4; lastKnownFileType = sourcecode.c.objc; path = MulticolorPolylineSegment.m; sourceTree = "<group>"; };
/* End PBXFileReference section */

/* Begin PBXFrameworksBuildPhase section */
		8FB969BD1A7670DF00F9266F /* Frameworks */ = {
			isa = PBXFrameworksBuildPhase;
			buildActionMask = 2147483647;
			files = (
				8FB96A0A1A7688A000F9266F /* CoreLocation.framework in Frameworks */,
				8FB969FF1A76723300F9266F /* Foundation.framework in Frameworks */,
				8FB969FD1A76722500F9266F /* UIKit.framework in Frameworks */,
				8FB969FB1A76721E00F9266F /* CoreData.framework in Frameworks */,
				8FB969F91A76721500F9266F /* CoreGraphics.framework in Frameworks */,
				8FB969F71A76720B00F9266F /* MapKit.framework in Frameworks */,
			);
			runOnlyForDeploymentPostprocessing = 0;
		};
		8FB969DC1A7670DF00F9266F /* Frameworks */ = {
			isa = PBXFrameworksBuildPhase;
			buildActionMask = 2147483647;
			files = (
			);
			runOnlyForDeploymentPostprocessing = 0;
		};
/* End PBXFrameworksBuildPhase section */

/* Begin PBXGroup section */
		8FB969B71A7670DF00F9266F = {
			isa = PBXGroup;
			children = (
				8FB96A001A76723D00F9266F /* Frameworks */,
				8FB969C21A7670DF00F9266F /* Moonrunner */,
				8FB969E21A7670DF00F9266F /* MoonrunnerTests */,
				8FB969C11A7670DF00F9266F /* Products */,
			);
			sourceTree = "<group>";
		};
		8FB969C11A7670DF00F9266F /* Products */ = {
			isa = PBXGroup;
			children = (
				8FB969C01A7670DF00F9266F /* Moonrunner.app */,
				8FB969DF1A7670DF00F9266F /* MoonrunnerTests.xctest */,
			);
			name = Products;
			sourceTree = "<group>";
		};
		8FB969C21A7670DF00F9266F /* Moonrunner */ = {
			isa = PBXGroup;
			children = (
				8FB969C71A7670DF00F9266F /* AppDelegate.h */,
				8FB969C81A7670DF00F9266F /* AppDelegate.m */,
				8FB96A051A767ED800F9266F /* Models */,
				8FB969EF1A7670E800F9266F /* MoGen */,
				8FB96A041A767EC000F9266F /* View Controllers */,
				8FB969D31A7670DF00F9266F /* Main.storyboard */,
				8FB969D61A7670DF00F9266F /* Images.xcassets */,
				8FB969D81A7670DF00F9266F /* LaunchScreen.xib */,
				8FB969C31A7670DF00F9266F /* Supporting Files */,
			);
			path = Moonrunner;
			sourceTree = "<group>";
		};
		8FB969C31A7670DF00F9266F /* Supporting Files */ = {
			isa = PBXGroup;
			children = (
				8FB969C41A7670DF00F9266F /* Info.plist */,
				8FB969C51A7670DF00F9266F /* main.m */,
			);
			name = "Supporting Files";
			sourceTree = "<group>";
		};
		8FB969E21A7670DF00F9266F /* MoonrunnerTests */ = {
			isa = PBXGroup;
			children = (
				8FB969E51A7670DF00F9266F /* MoonrunnerTests.m */,
				8FB969E31A7670DF00F9266F /* Supporting Files */,
			);
			path = MoonrunnerTests;
			sourceTree = "<group>";
		};
		8FB969E31A7670DF00F9266F /* Supporting Files */ = {
			isa = PBXGroup;
			children = (
				8FB969E41A7670DF00F9266F /* Info.plist */,
			);
			name = "Supporting Files";
			sourceTree = "<group>";
		};
		8FB969EF1A7670E800F9266F /* MoGen */ = {
			isa = PBXGroup;
			children = (
				8FB969CA1A7670DF00F9266F /* Moonrunner.xcdatamodeld */,
				8FB969F31A7671ED00F9266F /* Run.h */,
				8FB969F41A7671ED00F9266F /* Run.m */,
				8FB969F01A7671EC00F9266F /* Location.h */,
				8FB969F11A7671EC00F9266F /* Location.m */,
			);
			name = MoGen;
			sourceTree = "<group>";
		};
		8FB96A001A76723D00F9266F /* Frameworks */ = {
			isa = PBXGroup;
			children = (
				8FB96A091A7688A000F9266F /* CoreLocation.framework */,
				8FB969FE1A76723300F9266F /* Foundation.framework */,
				8FB969FC1A76722500F9266F /* UIKit.framework */,
				8FB969FA1A76721E00F9266F /* CoreData.framework */,
				8FB969F81A76721500F9266F /* CoreGraphics.framework */,
				8FB969F61A76720B00F9266F /* MapKit.framework */,
			);
			name = Frameworks;
			path = Moonrunner;
			sourceTree = "<group>";
		};
		8FB96A041A767EC000F9266F /* View Controllers */ = {
			isa = PBXGroup;
			children = (
				8FB969CD1A7670DF00F9266F /* HomeViewController.h */,
				8FB969CE1A7670DF00F9266F /* HomeViewController.m */,
				8FB969D01A7670DF00F9266F /* NewRunViewController.h */,
				8FB969D11A7670DF00F9266F /* NewRunViewController.m */,
				8FB96A011A767B8500F9266F /* DetailViewController.h */,
				8FB96A021A767B8500F9266F /* DetailViewController.m */,
				8FB96A0B1A76ABD000F9266F /* MulticolorPolylineSegment.h */,
				8FB96A0C1A76ABD000F9266F /* MulticolorPolylineSegment.m */,
			);
			name = "View Controllers";
			sourceTree = "<group>";
		};
		8FB96A051A767ED800F9266F /* Models */ = {
			isa = PBXGroup;
			children = (
				8FB96A061A767EF200F9266F /* AppModel.h */,
				8FB96A071A767EF200F9266F /* AppModel.m */,
			);
			name = Models;
			sourceTree = "<group>";
		};
/* End PBXGroup section */

/* Begin PBXNativeTarget section */
		8FB969BF1A7670DF00F9266F /* Moonrunner */ = {
			isa = PBXNativeTarget;
			buildConfigurationList = 8FB969E91A7670DF00F9266F /* Build configuration list for PBXNativeTarget "Moonrunner" */;
			buildPhases = (
				8FB969BC1A7670DF00F9266F /* Sources */,
				8FB969BD1A7670DF00F9266F /* Frameworks */,
				8FB969BE1A7670DF00F9266F /* Resources */,
			);
			buildRules = (
			);
			dependencies = (
			);
			name = Moonrunner;
			productName = Moonrunner;
			productReference = 8FB969C01A7670DF00F9266F /* Moonrunner.app */;
			productType = "com.apple.product-type.application";
		};
		8FB969DE1A7670DF00F9266F /* MoonrunnerTests */ = {
			isa = PBXNativeTarget;
			buildConfigurationList = 8FB969EC1A7670DF00F9266F /* Build configuration list for PBXNativeTarget "MoonrunnerTests" */;
			buildPhases = (
				8FB969DB1A7670DF00F9266F /* Sources */,
				8FB969DC1A7670DF00F9266F /* Frameworks */,
				8FB969DD1A7670DF00F9266F /* Resources */,
			);
			buildRules = (
			);
			dependencies = (
				8FB969E11A7670DF00F9266F /* PBXTargetDependency */,
			);
			name = MoonrunnerTests;
			productName = MoonrunnerTests;
			productReference = 8FB969DF1A7670DF00F9266F /* MoonrunnerTests.xctest */;
			productType = "com.apple.product-type.bundle.unit-test";
		};
/* End PBXNativeTarget section */

/* Begin PBXProject section */
		8FB969B81A7670DF00F9266F /* Project object */ = {
			isa = PBXProject;
			attributes = {
				LastUpgradeCheck = 0610;
				ORGANIZATIONNAME = "Anthony Fennell";
				TargetAttributes = {
					8FB969BF1A7670DF00F9266F = {
						CreatedOnToolsVersion = 6.1.1;
						SystemCapabilities = {
							com.apple.BackgroundModes = {
								enabled = 1;
							};
						};
					};
					8FB969DE1A7670DF00F9266F = {
						CreatedOnToolsVersion = 6.1.1;
						TestTargetID = 8FB969BF1A7670DF00F9266F;
					};
				};
			};
			buildConfigurationList = 8FB969BB1A7670DF00F9266F /* Build configuration list for PBXProject "Moonrunner" */;
			compatibilityVersion = "Xcode 3.2";
			developmentRegion = English;
			hasScannedForEncodings = 0;
			knownRegions = (
				en,
				Base,
			);
			mainGroup = 8FB969B71A7670DF00F9266F;
			productRefGroup = 8FB969C11A7670DF00F9266F /* Products */;
			projectDirPath = "";
			projectRoot = "";
			targets = (
				8FB969BF1A7670DF00F9266F /* Moonrunner */,
				8FB969DE1A7670DF00F9266F /* MoonrunnerTests */,
			);
		};
/* End PBXProject section */

/* Begin PBXResourcesBuildPhase section */
		8FB969BE1A7670DF00F9266F /* Resources */ = {
			isa = PBXResourcesBuildPhase;
			buildActionMask = 2147483647;
			files = (
				8FB969D51A7670DF00F9266F /* Main.storyboard in Resources */,
				8FB969DA1A7670DF00F9266F /* LaunchScreen.xib in Resources */,
				8FB969D71A7670DF00F9266F /* Images.xcassets in Resources */,
			);
			runOnlyForDeploymentPostprocessing = 0;
		};
		8FB969DD1A7670DF00F9266F /* Resources */ = {
			isa = PBXResourcesBuildPhase;
			buildActionMask = 2147483647;
			files = (
			);
			runOnlyForDeploymentPostprocessing = 0;
		};
/* End PBXResourcesBuildPhase section */

/* Begin PBXSourcesBuildPhase section */
		8FB969BC1A7670DF00F9266F /* Sources */ = {
			isa = PBXSourcesBuildPhase;
			buildActionMask = 2147483647;
			files = (
				8FB969D21A7670DF00F9266F /* NewRunViewController.m in Sources */,
				8FB969CF1A7670DF00F9266F /* HomeViewController.m in Sources */,
				8FB969F51A7671ED00F9266F /* Run.m in Sources */,
				8FB969C91A7670DF00F9266F /* AppDelegate.m in Sources */,
				8FB96A031A767B8500F9266F /* DetailViewController.m in Sources */,
				8FB969CC1A7670DF00F9266F /* Moonrunner.xcdatamodeld in Sources */,
				8FB96A081A767EF200F9266F /* AppModel.m in Sources */,
				8FB96A0D1A76ABD000F9266F /* MulticolorPolylineSegment.m in Sources */,
				8FB969F21A7671EC00F9266F /* Location.m in Sources */,
				8FB969C61A7670DF00F9266F /* main.m in Sources */,
			);
			runOnlyForDeploymentPostprocessing = 0;
		};
		8FB969DB1A7670DF00F9266F /* Sources */ = {
			isa = PBXSourcesBuildPhase;
			buildActionMask = 2147483647;
			files = (
				8FB969E61A7670DF00F9266F /* MoonrunnerTests.m in Sources */,
			);
			runOnlyForDeploymentPostprocessing = 0;
		};
/* End PBXSourcesBuildPhase section */

/* Begin PBXTargetDependency section */
		8FB969E11A7670DF00F9266F /* PBXTargetDependency */ = {
			isa = PBXTargetDependency;
			target = 8FB969BF1A7670DF00F9266F /* Moonrunner */;
			targetProxy = 8FB969E01A7670DF00F9266F /* PBXContainerItemProxy */;
		};
/* End PBXTargetDependency section */

/* Begin PBXVariantGroup section */
		8FB969D31A7670DF00F9266F /* Main.storyboard */ = {
			isa = PBXVariantGroup;
			children = (
				8FB969D41A7670DF00F9266F /* Base */,
			);
			name = Main.storyboard;
			sourceTree = "<group>";
		};
		8FB969D81A7670DF00F9266F /* LaunchScreen.xib */ = {
			isa = PBXVariantGroup;
			children = (
				8FB969D91A7670DF00F9266F /* Base */,
			);
			name = LaunchScreen.xib;
			sourceTree = "<group>";
		};
/* End PBXVariantGroup section */

/* Begin XCBuildConfiguration section */
		8FB969E71A7670DF00F9266F /* Debug */ = {
			isa = XCBuildConfiguration;
			buildSettings = {
				ALWAYS_SEARCH_USER_PATHS = NO;
				CLANG_CXX_LANGUAGE_STANDARD = "gnu++0x";
				CLANG_CXX_LIBRARY = "libc++";
				CLANG_ENABLE_MODULES = YES;
				CLANG_ENABLE_OBJC_ARC = YES;
				CLANG_WARN_BOOL_CONVERSION = YES;
				CLANG_WARN_CONSTANT_CONVERSION = YES;
				CLANG_WARN_DIRECT_OBJC_ISA_USAGE = YES_ERROR;
				CLANG_WARN_EMPTY_BODY = YES;
				CLANG_WARN_ENUM_CONVERSION = YES;
				CLANG_WARN_INT_CONVERSION = YES;
				CLANG_WARN_OBJC_ROOT_CLASS = YES_ERROR;
				CLANG_WARN_UNREACHABLE_CODE = YES;
				CLANG_WARN__DUPLICATE_METHOD_MATCH = YES;
				"CODE_SIGN_IDENTITY[sdk=iphoneos*]" = "iPhone Developer";
				COPY_PHASE_STRIP = NO;
				ENABLE_STRICT_OBJC_MSGSEND = YES;
				GCC_C_LANGUAGE_STANDARD = gnu99;
				GCC_DYNAMIC_NO_PIC = NO;
				GCC_OPTIMIZATION_LEVEL = 0;
				GCC_PREPROCESSOR_DEFINITIONS = (
					"DEBUG=1",
					"$(inherited)",
				);
				GCC_SYMBOLS_PRIVATE_EXTERN = NO;
				GCC_WARN_64_TO_32_BIT_CONVERSION = YES;
				GCC_WARN_ABOUT_RETURN_TYPE = YES_ERROR;
				GCC_WARN_UNDECLARED_SELECTOR = YES;
				GCC_WARN_UNINITIALIZED_AUTOS = YES_AGGRESSIVE;
				GCC_WARN_UNUSED_FUNCTION = YES;
				GCC_WARN_UNUSED_VARIABLE = YES;
				IPHONEOS_DEPLOYMENT_TARGET = 8.1;
				MTL_ENABLE_DEBUG_INFO = YES;
				ONLY_ACTIVE_ARCH = YES;
				SDKROOT = iphoneos;
			};
			name = Debug;
		};
		8FB969E81A7670DF00F9266F /* Release */ = {
			isa = XCBuildConfiguration;
			buildSettings = {
				ALWAYS_SEARCH_USER_PATHS = NO;
				CLANG_CXX_LANGUAGE_STANDARD = "gnu++0x";
				CLANG_CXX_LIBRARY = "libc++";
				CLANG_ENABLE_MODULES = YES;
				CLANG_ENABLE_OBJC_ARC = YES;
				CLANG_WARN_BOOL_CONVERSION = YES;
				CLANG_WARN_CONSTANT_CONVERSION = YES;
				CLANG_WARN_DIRECT_OBJC_ISA_USAGE = YES_ERROR;
				CLANG_WARN_EMPTY_BODY = YES;
				CLANG_WARN_ENUM_CONVERSION = YES;
				CLANG_WARN_INT_CONVERSION = YES;
				CLANG_WARN_OBJC_ROOT_CLASS = YES_ERROR;
				CLANG_WARN_UNREACHABLE_CODE = YES;
				CLANG_WARN__DUPLICATE_METHOD_MATCH = YES;
				"CODE_SIGN_IDENTITY[sdk=iphoneos*]" = "iPhone Developer";
				COPY_PHASE_STRIP = YES;
				ENABLE_NS_ASSERTIONS = NO;
				ENABLE_STRICT_OBJC_MSGSEND = YES;
				GCC_C_LANGUAGE_STANDARD = gnu99;
				GCC_WARN_64_TO_32_BIT_CONVERSION = YES;
				GCC_WARN_ABOUT_RETURN_TYPE = YES_ERROR;
				GCC_WARN_UNDECLARED_SELECTOR = YES;
				GCC_WARN_UNINITIALIZED_AUTOS = YES_AGGRESSIVE;
				GCC_WARN_UNUSED_FUNCTION = YES;
				GCC_WARN_UNUSED_VARIABLE = YES;
				IPHONEOS_DEPLOYMENT_TARGET = 8.1;
				MTL_ENABLE_DEBUG_INFO = NO;
				SDKROOT = iphoneos;
				VALIDATE_PRODUCT = YES;
			};
			name = Release;
		};
		8FB969EA1A7670DF00F9266F /* Debug */ = {
			isa = XCBuildConfiguration;
			buildSettings = {
				ASSETCATALOG_COMPILER_APPICON_NAME = AppIcon;
				INFOPLIST_FILE = Moonrunner/Info.plist;
				LD_RUNPATH_SEARCH_PATHS = "$(inherited) @executable_path/Frameworks";
				PRODUCT_NAME = "$(TARGET_NAME)";
			};
			name = Debug;
		};
		8FB969EB1A7670DF00F9266F /* Release */ = {
			isa = XCBuildConfiguration;
			buildSettings = {
				ASSETCATALOG_COMPILER_APPICON_NAME = AppIcon;
				INFOPLIST_FILE = Moonrunner/Info.plist;
				LD_RUNPATH_SEARCH_PATHS = "$(inherited) @executable_path/Frameworks";
				PRODUCT_NAME = "$(TARGET_NAME)";
			};
			name = Release;
		};
		8FB969ED1A7670DF00F9266F /* Debug */ = {
			isa = XCBuildConfiguration;
			buildSettings = {
				BUNDLE_LOADER = "$(TEST_HOST)";
				FRAMEWORK_SEARCH_PATHS = (
					"$(SDKROOT)/Developer/Library/Frameworks",
					"$(inherited)",
				);
				GCC_PREPROCESSOR_DEFINITIONS = (
					"DEBUG=1",
					"$(inherited)",
				);
				INFOPLIST_FILE = MoonrunnerTests/Info.plist;
				LD_RUNPATH_SEARCH_PATHS = "$(inherited) @executable_path/Frameworks @loader_path/Frameworks";
				PRODUCT_NAME = "$(TARGET_NAME)";
				TEST_HOST = "$(BUILT_PRODUCTS_DIR)/Moonrunner.app/Moonrunner";
			};
			name = Debug;
		};
		8FB969EE1A7670DF00F9266F /* Release */ = {
			isa = XCBuildConfiguration;
			buildSettings = {
				BUNDLE_LOADER = "$(TEST_HOST)";
				FRAMEWORK_SEARCH_PATHS = (
					"$(SDKROOT)/Developer/Library/Frameworks",
					"$(inherited)",
				);
				INFOPLIST_FILE = MoonrunnerTests/Info.plist;
				LD_RUNPATH_SEARCH_PATHS = "$(inherited) @executable_path/Frameworks @loader_path/Frameworks";
				PRODUCT_NAME = "$(TARGET_NAME)";
				TEST_HOST = "$(BUILT_PRODUCTS_DIR)/Moonrunner.app/Moonrunner";
			};
			name = Release;
		};
/* End XCBuildConfiguration section */

/* Begin XCConfigurationList section */
		8FB969BB1A7670DF00F9266F /* Build configuration list for PBXProject "Moonrunner" */ = {
			isa = XCConfigurationList;
			buildConfigurations = (
				8FB969E71A7670DF00F9266F /* Debug */,
				8FB969E81A7670DF00F9266F /* Release */,
			);
			defaultConfigurationIsVisible = 0;
			defaultConfigurationName = Release;
		};
		8FB969E91A7670DF00F9266F /* Build configuration list for PBXNativeTarget "Moonrunner" */ = {
			isa = XCConfigurationList;
			buildConfigurations = (
				8FB969EA1A7670DF00F9266F /* Debug */,
				8FB969EB1A7670DF00F9266F /* Release */,
			);
			defaultConfigurationIsVisible = 0;
		};
		8FB969EC1A7670DF00F9266F /* Build configuration list for PBXNativeTarget "MoonrunnerTests" */ = {
			isa = XCConfigurationList;
			buildConfigurations = (
				8FB969ED1A7670DF00F9266F /* Debug */,
				8FB969EE1A7670DF00F9266F /* Release */,
			);
			defaultConfigurationIsVisible = 0;
		};
/* End XCConfigurationList section */

/* Begin XCVersionGroup section */
		8FB969CA1A7670DF00F9266F /* Moonrunner.xcdatamodeld */ = {
			isa = XCVersionGroup;
			children = (
				8FB969CB1A7670DF00F9266F /* Moonrunner.xcdatamodel */,
			);
			currentVersion = 8FB969CB1A7670DF00F9266F /* Moonrunner.xcdatamodel */;
			path = Moonrunner.xcdatamodeld;
			sourceTree = "<group>";
			versionGroupType = wrapper.xcdatamodel;
		};
/* End XCVersionGroup section */
	};
	rootObject = 8FB969B81A7670DF00F9266F /* Project object */;
}
